<?xml version="1.0" encoding="utf-8"?>
<Project ToolsVersion="4.0" xmlns="http://schemas.microsoft.com/developer/msbuild/2003">
  <ItemGroup>
    <Filter Include="Atixed">
      <UniqueIdentifier>{C40FEDA7-B0B1-177E-996C-2BD285AD9ECE}</UniqueIdentifier>
    </Filter>
    <Filter Include="Atixed\Events">
      <UniqueIdentifier>{5e224c66-c4d3-4526-b8e6-ddbbe73ebbb2}</UniqueIdentifier>
    </Filter>
  </ItemGroup>
  <ItemGroup>
    <ClInclude Include="src\Atixed\App.h">
      <Filter>Atixed</Filter>
    </ClInclude>
    <ClInclude Include="src\Atixed\EntryPoint.h">
      <Filter>Atixed</Filter>
    </ClInclude>
    <ClInclude Include="src\Atixed\core.h">
      <Filter>Atixed</Filter>
    </ClInclude>
    <ClInclude Include="src\Atixed\log.h">
      <Filter>Atixed</Filter>
    </ClInclude>
    <ClInclude Include="src\Atrixed.h" />
    <ClInclude Include="Event.h">
      <Filter>Atixed\Events</Filter>
    </ClInclude>
  </ItemGroup>
  <ItemGroup>
    <ClCompile Include="src\Atixed\App.cpp">
      <Filter>Atixed</Filter>
    </ClCompile>
    <ClCompile Include="src\Atixed\log.cpp">
      <Filter>Atixed</Filter>
    </ClCompile>
    <ClCompile Include="Event.cpp">
      <Filter>Atixed\Events</Filter>
    </ClCompile>
  </ItemGroup>
</Project>